
Microsoft Visual Studio Solution File, Format Version 12.00
# Visual Studio 15
VisualStudioVersion = 15.0.26124.0
MinimumVisualStudioVersion = 15.0.26124.0
Project("{FAE04EC0-301F-11D3-BF4B-00C04F79EFBC}") = "Domain", "Domain\Domain.csproj", "{A6893A36-3799-4598-B3C7-1F8BCD07CF18}"
EndProject
Project("{FAE04EC0-301F-11D3-BF4B-00C04F79EFBC}") = "Persistence", "Persistence\Persistence.csproj", "{C05FCB0D-019F-4126-BEAD-CCB1020A2B8A}"
EndProject
Project("{FAE04EC0-301F-11D3-BF4B-00C04F79EFBC}") = "CarCatalog.API", "CarCatalog.API\CarCatalog.API.csproj", "{4A10237A-0C5A-4F42-A269-B2C538E6D998}"
EndProject
Global
	GlobalSection(SolutionConfigurationPlatforms) = preSolution
		Debug|Any CPU = Debug|Any CPU
		Debug|x64 = Debug|x64
		Debug|x86 = Debug|x86
		Release|Any CPU = Release|Any CPU
		Release|x64 = Release|x64
		Release|x86 = Release|x86
	EndGlobalSection
	GlobalSection(SolutionProperties) = preSolution
		HideSolutionNode = FALSE
	EndGlobalSection
	GlobalSection(ProjectConfigurationPlatforms) = postSolution
		{A6893A36-3799-4598-B3C7-1F8BCD07CF18}.Debug|Any CPU.ActiveCfg = Debug|Any CPU
		{A6893A36-3799-4598-B3C7-1F8BCD07CF18}.Debug|Any CPU.Build.0 = Debug|Any CPU
		{A6893A36-3799-4598-B3C7-1F8BCD07CF18}.Debug|x64.ActiveCfg = Debug|Any CPU
		{A6893A36-3799-4598-B3C7-1F8BCD07CF18}.Debug|x64.Build.0 = Debug|Any CPU
		{A6893A36-3799-4598-B3C7-1F8BCD07CF18}.Debug|x86.ActiveCfg = Debug|Any CPU
		{A6893A36-3799-4598-B3C7-1F8BCD07CF18}.Debug|x86.Build.0 = Debug|Any CPU
		{A6893A36-3799-4598-B3C7-1F8BCD07CF18}.Release|Any CPU.ActiveCfg = Release|Any CPU
		{A6893A36-3799-4598-B3C7-1F8BCD07CF18}.Release|Any CPU.Build.0 = Release|Any CPU
		{A6893A36-3799-4598-B3C7-1F8BCD07CF18}.Release|x64.ActiveCfg = Release|Any CPU
		{A6893A36-3799-4598-B3C7-1F8BCD07CF18}.Release|x64.Build.0 = Release|Any CPU
		{A6893A36-3799-4598-B3C7-1F8BCD07CF18}.Release|x86.ActiveCfg = Release|Any CPU
		{A6893A36-3799-4598-B3C7-1F8BCD07CF18}.Release|x86.Build.0 = Release|Any CPU
		{C05FCB0D-019F-4126-BEAD-CCB1020A2B8A}.Debug|Any CPU.ActiveCfg = Debug|Any CPU
		{C05FCB0D-019F-4126-BEAD-CCB1020A2B8A}.Debug|Any CPU.Build.0 = Debug|Any CPU
		{C05FCB0D-019F-4126-BEAD-CCB1020A2B8A}.Debug|x64.ActiveCfg = Debug|Any CPU
		{C05FCB0D-019F-4126-BEAD-CCB1020A2B8A}.Debug|x64.Build.0 = Debug|Any CPU
		{C05FCB0D-019F-4126-BEAD-CCB1020A2B8A}.Debug|x86.ActiveCfg = Debug|Any CPU
		{C05FCB0D-019F-4126-BEAD-CCB1020A2B8A}.Debug|x86.Build.0 = Debug|Any CPU
		{C05FCB0D-019F-4126-BEAD-CCB1020A2B8A}.Release|Any CPU.ActiveCfg = Release|Any CPU
		{C05FCB0D-019F-4126-BEAD-CCB1020A2B8A}.Release|Any CPU.Build.0 = Release|Any CPU
		{C05FCB0D-019F-4126-BEAD-CCB1020A2B8A}.Release|x64.ActiveCfg = Release|Any CPU
		{C05FCB0D-019F-4126-BEAD-CCB1020A2B8A}.Release|x64.Build.0 = Release|Any CPU
		{C05FCB0D-019F-4126-BEAD-CCB1020A2B8A}.Release|x86.ActiveCfg = Release|Any CPU
		{C05FCB0D-019F-4126-BEAD-CCB1020A2B8A}.Release|x86.Build.0 = Release|Any CPU
		{4A10237A-0C5A-4F42-A269-B2C538E6D998}.Debug|Any CPU.ActiveCfg = Debug|Any CPU
		{4A10237A-0C5A-4F42-A269-B2C538E6D998}.Debug|Any CPU.Build.0 = Debug|Any CPU
		{4A10237A-0C5A-4F42-A269-B2C538E6D998}.Debug|x64.ActiveCfg = Debug|Any CPU
		{4A10237A-0C5A-4F42-A269-B2C538E6D998}.Debug|x64.Build.0 = Debug|Any CPU
		{4A10237A-0C5A-4F42-A269-B2C538E6D998}.Debug|x86.ActiveCfg = Debug|Any CPU
		{4A10237A-0C5A-4F42-A269-B2C538E6D998}.Debug|x86.Build.0 = Debug|Any CPU
		{4A10237A-0C5A-4F42-A269-B2C538E6D998}.Release|Any CPU.ActiveCfg = Release|Any CPU
		{4A10237A-0C5A-4F42-A269-B2C538E6D998}.Release|Any CPU.Build.0 = Release|Any CPU
		{4A10237A-0C5A-4F42-A269-B2C538E6D998}.Release|x64.ActiveCfg = Release|Any CPU
		{4A10237A-0C5A-4F42-A269-B2C538E6D998}.Release|x64.Build.0 = Release|Any CPU
		{4A10237A-0C5A-4F42-A269-B2C538E6D998}.Release|x86.ActiveCfg = Release|Any CPU
		{4A10237A-0C5A-4F42-A269-B2C538E6D998}.Release|x86.Build.0 = Release|Any CPU
	EndGlobalSection
EndGlobal
